// !$*UTF8*$!
{
	archiveVersion = 1;
	classes = {
	};
	objectVersion = 55;
	objects = {

/* Begin PBXBuildFile section */
		7285579D2889EDF700519355 /* AppDelegate.swift in Sources */ = {isa = PBXBuildFile; fileRef = 7285579C2889EDF700519355 /* AppDelegate.swift */; };
		7285579F2889EDF700519355 /* SceneDelegate.swift in Sources */ = {isa = PBXBuildFile; fileRef = 7285579E2889EDF700519355 /* SceneDelegate.swift */; };
		728557A12889EDF700519355 /* TrendingMoviesViewController.swift in Sources */ = {isa = PBXBuildFile; fileRef = 728557A02889EDF700519355 /* TrendingMoviesViewController.swift */; };
		728557A42889EDF700519355 /* Main.storyboard in Resources */ = {isa = PBXBuildFile; fileRef = 728557A22889EDF700519355 /* Main.storyboard */; };
		728557A62889EDFA00519355 /* Assets.xcassets in Resources */ = {isa = PBXBuildFile; fileRef = 728557A52889EDFA00519355 /* Assets.xcassets */; };
		728557A92889EDFA00519355 /* LaunchScreen.storyboard in Resources */ = {isa = PBXBuildFile; fileRef = 728557A72889EDFA00519355 /* LaunchScreen.storyboard */; };
		728557B42889EDFA00519355 /* YassirTestTests.swift in Sources */ = {isa = PBXBuildFile; fileRef = 728557B32889EDFA00519355 /* YassirTestTests.swift */; };
		728557CD2889EFE000519355 /* README.md in Resources */ = {isa = PBXBuildFile; fileRef = 728557CC2889EFDF00519355 /* README.md */; };
		728557DA2889F1EC00519355 /* BaseViewController.swift in Sources */ = {isa = PBXBuildFile; fileRef = 728557D92889F1EC00519355 /* BaseViewController.swift */; };
		728557DC2889F20D00519355 /* BaseViewModel.swift in Sources */ = {isa = PBXBuildFile; fileRef = 728557DB2889F20D00519355 /* BaseViewModel.swift */; };
		728557DE2889F26D00519355 /* TrendingMoviesViewModel.swift in Sources */ = {isa = PBXBuildFile; fileRef = 728557DD2889F26D00519355 /* TrendingMoviesViewModel.swift */; };
		728557E02889F31400519355 /* MovieDetailsViewController.swift in Sources */ = {isa = PBXBuildFile; fileRef = 728557DF2889F31400519355 /* MovieDetailsViewController.swift */; };
		728557E22889F32D00519355 /* MovieDetailsViewModel.swift in Sources */ = {isa = PBXBuildFile; fileRef = 728557E12889F32D00519355 /* MovieDetailsViewModel.swift */; };
		728557E52889F47600519355 /* AppCoordinator.swift in Sources */ = {isa = PBXBuildFile; fileRef = 728557E42889F47600519355 /* AppCoordinator.swift */; };
		728557E82889F55700519355 /* Storyboardable.swift in Sources */ = {isa = PBXBuildFile; fileRef = 728557E72889F55700519355 /* Storyboardable.swift */; };
		728557EA2889FBA100519355 /* BaseModel.swift in Sources */ = {isa = PBXBuildFile; fileRef = 728557E92889FBA100519355 /* BaseModel.swift */; };
		728557ED288A018800519355 /* Movie.swift in Sources */ = {isa = PBXBuildFile; fileRef = 728557EC288A018800519355 /* Movie.swift */; };
		728557EF288A02E900519355 /* TrendingMovies.swift in Sources */ = {isa = PBXBuildFile; fileRef = 728557EE288A02E900519355 /* TrendingMovies.swift */; };
		728557F1288A03D300519355 /* Posters.swift in Sources */ = {isa = PBXBuildFile; fileRef = 728557F0288A03D300519355 /* Posters.swift */; };
		728557F3288A046500519355 /* Poster.swift in Sources */ = {isa = PBXBuildFile; fileRef = 728557F2288A046500519355 /* Poster.swift */; };
		728557F7288A0B4300519355 /* HTTPMethod.swift in Sources */ = {isa = PBXBuildFile; fileRef = 728557F6288A0B4300519355 /* HTTPMethod.swift */; };
		728557F9288A0B5C00519355 /* APIError.swift in Sources */ = {isa = PBXBuildFile; fileRef = 728557F8288A0B5C00519355 /* APIError.swift */; };
		728557FB288A0BBD00519355 /* APIEndpoint.swift in Sources */ = {isa = PBXBuildFile; fileRef = 728557FA288A0BBD00519355 /* APIEndpoint.swift */; };
		728557FD288A0D9400519355 /* TypeAliases.swift in Sources */ = {isa = PBXBuildFile; fileRef = 728557FC288A0D9400519355 /* TypeAliases.swift */; };
		72855800288A0DDB00519355 /* Environment.swift in Sources */ = {isa = PBXBuildFile; fileRef = 728557FF288A0DDB00519355 /* Environment.swift */; };
		72855803288A0E8500519355 /* APIService.swift in Sources */ = {isa = PBXBuildFile; fileRef = 72855802288A0E8500519355 /* APIService.swift */; };
		72E014F6288A105600F98319 /* APIClient.swift in Sources */ = {isa = PBXBuildFile; fileRef = 72E014F5288A105600F98319 /* APIClient.swift */; };
		72E014F8288A110700F98319 /* NoContent.swift in Sources */ = {isa = PBXBuildFile; fileRef = 72E014F7288A110700F98319 /* NoContent.swift */; };
		72E014FB288A199C00F98319 /* Movies.json in Resources */ = {isa = PBXBuildFile; fileRef = 72E014FA288A199B00F98319 /* Movies.json */; };
		72E014FE288A1A0600F98319 /* APIClientTests.swift in Sources */ = {isa = PBXBuildFile; fileRef = 72E014FD288A1A0600F98319 /* APIClientTests.swift */; };
		72E01501288A1B2300F98319 /* XCTestCase+Extension.swift in Sources */ = {isa = PBXBuildFile; fileRef = 72E01500288A1B2300F98319 /* XCTestCase+Extension.swift */; };
		72E01505288A1EC900F98319 /* MovieCell.swift in Sources */ = {isa = PBXBuildFile; fileRef = 72E01503288A1EC900F98319 /* MovieCell.swift */; };
		72E01506288A1EC900F98319 /* MovieCell.xib in Resources */ = {isa = PBXBuildFile; fileRef = 72E01504288A1EC900F98319 /* MovieCell.xib */; };
		72E01508288A1EDE00F98319 /* MovieCellViewModel.swift in Sources */ = {isa = PBXBuildFile; fileRef = 72E01507288A1EDE00F98319 /* MovieCellViewModel.swift */; };
		72E0150B288A234A00F98319 /* UINib+Extension.swift in Sources */ = {isa = PBXBuildFile; fileRef = 72E0150A288A234A00F98319 /* UINib+Extension.swift */; };
/* End PBXBuildFile section */

/* Begin PBXContainerItemProxy section */
		728557B02889EDFA00519355 /* PBXContainerItemProxy */ = {
			isa = PBXContainerItemProxy;
			containerPortal = 728557912889EDF700519355 /* Project object */;
			proxyType = 1;
			remoteGlobalIDString = 728557982889EDF700519355;
			remoteInfo = YassirTest;
		};
/* End PBXContainerItemProxy section */

/* Begin PBXFileReference section */
		728557992889EDF700519355 /* YassirTest.app */ = {isa = PBXFileReference; explicitFileType = wrapper.application; includeInIndex = 0; path = YassirTest.app; sourceTree = BUILT_PRODUCTS_DIR; };
		7285579C2889EDF700519355 /* AppDelegate.swift */ = {isa = PBXFileReference; lastKnownFileType = sourcecode.swift; path = AppDelegate.swift; sourceTree = "<group>"; };
		7285579E2889EDF700519355 /* SceneDelegate.swift */ = {isa = PBXFileReference; lastKnownFileType = sourcecode.swift; path = SceneDelegate.swift; sourceTree = "<group>"; };
		728557A02889EDF700519355 /* TrendingMoviesViewController.swift */ = {isa = PBXFileReference; lastKnownFileType = sourcecode.swift; path = TrendingMoviesViewController.swift; sourceTree = "<group>"; };
		728557A32889EDF700519355 /* Base */ = {isa = PBXFileReference; lastKnownFileType = file.storyboard; name = Base; path = Base.lproj/Main.storyboard; sourceTree = "<group>"; };
		728557A52889EDFA00519355 /* Assets.xcassets */ = {isa = PBXFileReference; lastKnownFileType = folder.assetcatalog; path = Assets.xcassets; sourceTree = "<group>"; };
		728557A82889EDFA00519355 /* Base */ = {isa = PBXFileReference; lastKnownFileType = file.storyboard; name = Base; path = Base.lproj/LaunchScreen.storyboard; sourceTree = "<group>"; };
		728557AA2889EDFA00519355 /* Info.plist */ = {isa = PBXFileReference; lastKnownFileType = text.plist.xml; path = Info.plist; sourceTree = "<group>"; };
		728557AF2889EDFA00519355 /* YassirTestTests.xctest */ = {isa = PBXFileReference; explicitFileType = wrapper.cfbundle; includeInIndex = 0; path = YassirTestTests.xctest; sourceTree = BUILT_PRODUCTS_DIR; };
		728557B32889EDFA00519355 /* YassirTestTests.swift */ = {isa = PBXFileReference; lastKnownFileType = sourcecode.swift; path = YassirTestTests.swift; sourceTree = "<group>"; };
		728557CC2889EFDF00519355 /* README.md */ = {isa = PBXFileReference; fileEncoding = 4; lastKnownFileType = net.daringfireball.markdown; path = README.md; sourceTree = "<group>"; };
		728557D92889F1EC00519355 /* BaseViewController.swift */ = {isa = PBXFileReference; lastKnownFileType = sourcecode.swift; path = BaseViewController.swift; sourceTree = "<group>"; };
		728557DB2889F20D00519355 /* BaseViewModel.swift */ = {isa = PBXFileReference; lastKnownFileType = sourcecode.swift; path = BaseViewModel.swift; sourceTree = "<group>"; };
		728557DD2889F26D00519355 /* TrendingMoviesViewModel.swift */ = {isa = PBXFileReference; lastKnownFileType = sourcecode.swift; path = TrendingMoviesViewModel.swift; sourceTree = "<group>"; };
		728557DF2889F31400519355 /* MovieDetailsViewController.swift */ = {isa = PBXFileReference; lastKnownFileType = sourcecode.swift; path = MovieDetailsViewController.swift; sourceTree = "<group>"; };
		728557E12889F32D00519355 /* MovieDetailsViewModel.swift */ = {isa = PBXFileReference; lastKnownFileType = sourcecode.swift; path = MovieDetailsViewModel.swift; sourceTree = "<group>"; };
		728557E42889F47600519355 /* AppCoordinator.swift */ = {isa = PBXFileReference; lastKnownFileType = sourcecode.swift; path = AppCoordinator.swift; sourceTree = "<group>"; };
		728557E72889F55700519355 /* Storyboardable.swift */ = {isa = PBXFileReference; lastKnownFileType = sourcecode.swift; path = Storyboardable.swift; sourceTree = "<group>"; };
		728557E92889FBA100519355 /* BaseModel.swift */ = {isa = PBXFileReference; lastKnownFileType = sourcecode.swift; path = BaseModel.swift; sourceTree = "<group>"; };
		728557EC288A018800519355 /* Movie.swift */ = {isa = PBXFileReference; lastKnownFileType = sourcecode.swift; path = Movie.swift; sourceTree = "<group>"; };
		728557EE288A02E900519355 /* TrendingMovies.swift */ = {isa = PBXFileReference; lastKnownFileType = sourcecode.swift; path = TrendingMovies.swift; sourceTree = "<group>"; };
		728557F0288A03D300519355 /* Posters.swift */ = {isa = PBXFileReference; lastKnownFileType = sourcecode.swift; path = Posters.swift; sourceTree = "<group>"; };
		728557F2288A046500519355 /* Poster.swift */ = {isa = PBXFileReference; lastKnownFileType = sourcecode.swift; path = Poster.swift; sourceTree = "<group>"; };
		728557F6288A0B4300519355 /* HTTPMethod.swift */ = {isa = PBXFileReference; lastKnownFileType = sourcecode.swift; path = HTTPMethod.swift; sourceTree = "<group>"; };
		728557F8288A0B5C00519355 /* APIError.swift */ = {isa = PBXFileReference; lastKnownFileType = sourcecode.swift; path = APIError.swift; sourceTree = "<group>"; };
		728557FA288A0BBD00519355 /* APIEndpoint.swift */ = {isa = PBXFileReference; lastKnownFileType = sourcecode.swift; path = APIEndpoint.swift; sourceTree = "<group>"; };
		728557FC288A0D9400519355 /* TypeAliases.swift */ = {isa = PBXFileReference; lastKnownFileType = sourcecode.swift; path = TypeAliases.swift; sourceTree = "<group>"; };
		728557FF288A0DDB00519355 /* Environment.swift */ = {isa = PBXFileReference; lastKnownFileType = sourcecode.swift; path = Environment.swift; sourceTree = "<group>"; };
		72855802288A0E8500519355 /* APIService.swift */ = {isa = PBXFileReference; lastKnownFileType = sourcecode.swift; path = APIService.swift; sourceTree = "<group>"; };
		72E014F5288A105600F98319 /* APIClient.swift */ = {isa = PBXFileReference; lastKnownFileType = sourcecode.swift; path = APIClient.swift; sourceTree = "<group>"; };
		72E014F7288A110700F98319 /* NoContent.swift */ = {isa = PBXFileReference; lastKnownFileType = sourcecode.swift; path = NoContent.swift; sourceTree = "<group>"; };
		72E014FA288A199B00F98319 /* Movies.json */ = {isa = PBXFileReference; lastKnownFileType = text.json; path = Movies.json; sourceTree = "<group>"; };
		72E014FD288A1A0600F98319 /* APIClientTests.swift */ = {isa = PBXFileReference; lastKnownFileType = sourcecode.swift; path = APIClientTests.swift; sourceTree = "<group>"; };
		72E01500288A1B2300F98319 /* XCTestCase+Extension.swift */ = {isa = PBXFileReference; lastKnownFileType = sourcecode.swift; path = "XCTestCase+Extension.swift"; sourceTree = "<group>"; };
		72E01503288A1EC900F98319 /* MovieCell.swift */ = {isa = PBXFileReference; lastKnownFileType = sourcecode.swift; path = MovieCell.swift; sourceTree = "<group>"; };
		72E01504288A1EC900F98319 /* MovieCell.xib */ = {isa = PBXFileReference; lastKnownFileType = file.xib; path = MovieCell.xib; sourceTree = "<group>"; };
		72E01507288A1EDE00F98319 /* MovieCellViewModel.swift */ = {isa = PBXFileReference; lastKnownFileType = sourcecode.swift; path = MovieCellViewModel.swift; sourceTree = "<group>"; };
		72E0150A288A234A00F98319 /* UINib+Extension.swift */ = {isa = PBXFileReference; lastKnownFileType = sourcecode.swift; path = "UINib+Extension.swift"; sourceTree = "<group>"; };
/* End PBXFileReference section */

/* Begin PBXFrameworksBuildPhase section */
		728557962889EDF700519355 /* Frameworks */ = {
			isa = PBXFrameworksBuildPhase;
			buildActionMask = 2147483647;
			files = (
			);
			runOnlyForDeploymentPostprocessing = 0;
		};
		728557AC2889EDFA00519355 /* Frameworks */ = {
			isa = PBXFrameworksBuildPhase;
			buildActionMask = 2147483647;
			files = (
			);
			runOnlyForDeploymentPostprocessing = 0;
		};
/* End PBXFrameworksBuildPhase section */

/* Begin PBXGroup section */
		728557902889EDF700519355 = {
			isa = PBXGroup;
			children = (
				7285579B2889EDF700519355 /* YassirTest */,
				728557B22889EDFA00519355 /* YassirTestTests */,
				7285579A2889EDF700519355 /* Products */,
			);
			sourceTree = "<group>";
		};
		7285579A2889EDF700519355 /* Products */ = {
			isa = PBXGroup;
			children = (
				728557992889EDF700519355 /* YassirTest.app */,
				728557AF2889EDFA00519355 /* YassirTestTests.xctest */,
			);
			name = Products;
			sourceTree = "<group>";
		};
		7285579B2889EDF700519355 /* YassirTest */ = {
			isa = PBXGroup;
			children = (
				728557CC2889EFDF00519355 /* README.md */,
				728557CE2889EFF200519355 /* Application Delegates */,
				728557D72889F1CD00519355 /* Commun */,
				728557FE288A0DC600519355 /* Configuration */,
				728557E32889F45300519355 /* Coordinators */,
				728557EB288A016600519355 /* Models */,
				728557D02889F02700519355 /* Modules */,
				728557F4288A0B2600519355 /* Networking */,
				728557E62889F52700519355 /* Protocols */,
				728557D32889F07300519355 /* Ressources */,
				728557D42889F08C00519355 /* Supporting Files */,
			);
			path = YassirTest;
			sourceTree = "<group>";
		};
		728557B22889EDFA00519355 /* YassirTestTests */ = {
			isa = PBXGroup;
			children = (
				72E014FF288A1B1400F98319 /* Extensions */,
				72E014F9288A196700F98319 /* Stubs */,
				72E014FC288A19E000F98319 /* Test Cases */,
			);
			path = YassirTestTests;
			sourceTree = "<group>";
		};
		728557CE2889EFF200519355 /* Application Delegates */ = {
			isa = PBXGroup;
			children = (
				7285579C2889EDF700519355 /* AppDelegate.swift */,
				7285579E2889EDF700519355 /* SceneDelegate.swift */,
			);
			path = "Application Delegates";
			sourceTree = "<group>";
		};
		728557D02889F02700519355 /* Modules */ = {
			isa = PBXGroup;
			children = (
				728557D22889F04400519355 /* Launch Screen */,
				728557D12889F03D00519355 /* Main */,
			);
			path = Modules;
			sourceTree = "<group>";
		};
		728557D12889F03D00519355 /* Main */ = {
			isa = PBXGroup;
			children = (
				728557A22889EDF700519355 /* Main.storyboard */,
				728557D62889F0E300519355 /* Movie Details */,
				728557D52889F0BC00519355 /* Trending Movies */,
			);
			path = Main;
			sourceTree = "<group>";
		};
		728557D22889F04400519355 /* Launch Screen */ = {
			isa = PBXGroup;
			children = (
				728557A72889EDFA00519355 /* LaunchScreen.storyboard */,
			);
			path = "Launch Screen";
			sourceTree = "<group>";
		};
		728557D32889F07300519355 /* Ressources */ = {
			isa = PBXGroup;
			children = (
				728557A52889EDFA00519355 /* Assets.xcassets */,
			);
			path = Ressources;
			sourceTree = "<group>";
		};
		728557D42889F08C00519355 /* Supporting Files */ = {
			isa = PBXGroup;
			children = (
				728557AA2889EDFA00519355 /* Info.plist */,
			);
			path = "Supporting Files";
			sourceTree = "<group>";
		};
		728557D52889F0BC00519355 /* Trending Movies */ = {
			isa = PBXGroup;
			children = (
				728557A02889EDF700519355 /* TrendingMoviesViewController.swift */,
				728557DD2889F26D00519355 /* TrendingMoviesViewModel.swift */,
				72E01502288A1EB000F98319 /* Cells */,
			);
			path = "Trending Movies";
			sourceTree = "<group>";
		};
		728557D62889F0E300519355 /* Movie Details */ = {
			isa = PBXGroup;
			children = (
				728557DF2889F31400519355 /* MovieDetailsViewController.swift */,
				728557E12889F32D00519355 /* MovieDetailsViewModel.swift */,
			);
			path = "Movie Details";
			sourceTree = "<group>";
		};
		728557D72889F1CD00519355 /* Commun */ = {
			isa = PBXGroup;
			children = (
				728557FC288A0D9400519355 /* TypeAliases.swift */,
				728557D82889F1DB00519355 /* Base Elements */,
				72E01509288A233900F98319 /* Extensions */,
			);
			path = Commun;
			sourceTree = "<group>";
		};
		728557D82889F1DB00519355 /* Base Elements */ = {
			isa = PBXGroup;
			children = (
				728557E92889FBA100519355 /* BaseModel.swift */,
				728557D92889F1EC00519355 /* BaseViewController.swift */,
				728557DB2889F20D00519355 /* BaseViewModel.swift */,
			);
			path = "Base Elements";
			sourceTree = "<group>";
		};
		728557E32889F45300519355 /* Coordinators */ = {
			isa = PBXGroup;
			children = (
				728557E42889F47600519355 /* AppCoordinator.swift */,
			);
			path = Coordinators;
			sourceTree = "<group>";
		};
		728557E62889F52700519355 /* Protocols */ = {
			isa = PBXGroup;
			children = (
				728557E72889F55700519355 /* Storyboardable.swift */,
			);
			path = Protocols;
			sourceTree = "<group>";
		};
		728557EB288A016600519355 /* Models */ = {
			isa = PBXGroup;
			children = (
				728557EC288A018800519355 /* Movie.swift */,
				72E014F7288A110700F98319 /* NoContent.swift */,
				728557F2288A046500519355 /* Poster.swift */,
				728557F0288A03D300519355 /* Posters.swift */,
				728557EE288A02E900519355 /* TrendingMovies.swift */,
			);
			path = Models;
			sourceTree = "<group>";
		};
		728557F4288A0B2600519355 /* Networking */ = {
			isa = PBXGroup;
			children = (
				72E014F5288A105600F98319 /* APIClient.swift */,
				72855801288A0E7000519355 /* Protocols */,
				728557F5288A0B2E00519355 /* Types */,
			);
			path = Networking;
			sourceTree = "<group>";
		};
		728557F5288A0B2E00519355 /* Types */ = {
			isa = PBXGroup;
			children = (
				728557F6288A0B4300519355 /* HTTPMethod.swift */,
				728557F8288A0B5C00519355 /* APIError.swift */,
				728557FA288A0BBD00519355 /* APIEndpoint.swift */,
			);
			path = Types;
			sourceTree = "<group>";
		};
		728557FE288A0DC600519355 /* Configuration */ = {
			isa = PBXGroup;
			children = (
				728557FF288A0DDB00519355 /* Environment.swift */,
			);
			path = Configuration;
			sourceTree = "<group>";
		};
		72855801288A0E7000519355 /* Protocols */ = {
			isa = PBXGroup;
			children = (
				72855802288A0E8500519355 /* APIService.swift */,
			);
			path = Protocols;
			sourceTree = "<group>";
		};
		72E014F9288A196700F98319 /* Stubs */ = {
			isa = PBXGroup;
			children = (
				72E014FA288A199B00F98319 /* Movies.json */,
			);
			path = Stubs;
			sourceTree = "<group>";
		};
		72E014FC288A19E000F98319 /* Test Cases */ = {
			isa = PBXGroup;
			children = (
				72E014FD288A1A0600F98319 /* APIClientTests.swift */,
				728557B32889EDFA00519355 /* YassirTestTests.swift */,
			);
			path = "Test Cases";
			sourceTree = "<group>";
		};
		72E014FF288A1B1400F98319 /* Extensions */ = {
			isa = PBXGroup;
			children = (
				72E01500288A1B2300F98319 /* XCTestCase+Extension.swift */,
			);
			path = Extensions;
			sourceTree = "<group>";
		};
		72E01502288A1EB000F98319 /* Cells */ = {
			isa = PBXGroup;
			children = (
				72E01503288A1EC900F98319 /* MovieCell.swift */,
				72E01507288A1EDE00F98319 /* MovieCellViewModel.swift */,
				72E01504288A1EC900F98319 /* MovieCell.xib */,
			);
			path = Cells;
			sourceTree = "<group>";
		};
		72E01509288A233900F98319 /* Extensions */ = {
			isa = PBXGroup;
			children = (
				72E0150A288A234A00F98319 /* UINib+Extension.swift */,
			);
			path = Extensions;
			sourceTree = "<group>";
		};
/* End PBXGroup section */

/* Begin PBXNativeTarget section */
		728557982889EDF700519355 /* YassirTest */ = {
			isa = PBXNativeTarget;
			buildConfigurationList = 728557C32889EDFA00519355 /* Build configuration list for PBXNativeTarget "YassirTest" */;
			buildPhases = (
				728557952889EDF700519355 /* Sources */,
				728557962889EDF700519355 /* Frameworks */,
				728557972889EDF700519355 /* Resources */,
			);
			buildRules = (
			);
			dependencies = (
			);
			name = YassirTest;
			productName = YassirTest;
			productReference = 728557992889EDF700519355 /* YassirTest.app */;
			productType = "com.apple.product-type.application";
		};
		728557AE2889EDFA00519355 /* YassirTestTests */ = {
			isa = PBXNativeTarget;
			buildConfigurationList = 728557C62889EDFA00519355 /* Build configuration list for PBXNativeTarget "YassirTestTests" */;
			buildPhases = (
				728557AB2889EDFA00519355 /* Sources */,
				728557AC2889EDFA00519355 /* Frameworks */,
				728557AD2889EDFA00519355 /* Resources */,
			);
			buildRules = (
			);
			dependencies = (
				728557B12889EDFA00519355 /* PBXTargetDependency */,
			);
			name = YassirTestTests;
			productName = YassirTestTests;
			productReference = 728557AF2889EDFA00519355 /* YassirTestTests.xctest */;
			productType = "com.apple.product-type.bundle.unit-test";
		};
/* End PBXNativeTarget section */

/* Begin PBXProject section */
		728557912889EDF700519355 /* Project object */ = {
			isa = PBXProject;
			attributes = {
				BuildIndependentTargetsInParallel = 1;
				LastSwiftUpdateCheck = 1340;
				LastUpgradeCheck = 1340;
				TargetAttributes = {
					728557982889EDF700519355 = {
						CreatedOnToolsVersion = 13.4.1;
					};
					728557AE2889EDFA00519355 = {
						CreatedOnToolsVersion = 13.4.1;
						TestTargetID = 728557982889EDF700519355;
					};
				};
			};
			buildConfigurationList = 728557942889EDF700519355 /* Build configuration list for PBXProject "YassirTest" */;
			compatibilityVersion = "Xcode 13.0";
			developmentRegion = en;
			hasScannedForEncodings = 0;
			knownRegions = (
				en,
				Base,
			);
			mainGroup = 728557902889EDF700519355;
			productRefGroup = 7285579A2889EDF700519355 /* Products */;
			projectDirPath = "";
			projectRoot = "";
			targets = (
				728557982889EDF700519355 /* YassirTest */,
				728557AE2889EDFA00519355 /* YassirTestTests */,
			);
		};
/* End PBXProject section */

/* Begin PBXResourcesBuildPhase section */
		728557972889EDF700519355 /* Resources */ = {
			isa = PBXResourcesBuildPhase;
			buildActionMask = 2147483647;
			files = (
				728557A92889EDFA00519355 /* LaunchScreen.storyboard in Resources */,
				728557A62889EDFA00519355 /* Assets.xcassets in Resources */,
				728557CD2889EFE000519355 /* README.md in Resources */,
				728557A42889EDF700519355 /* Main.storyboard in Resources */,
				72E01506288A1EC900F98319 /* MovieCell.xib in Resources */,
			);
			runOnlyForDeploymentPostprocessing = 0;
		};
		728557AD2889EDFA00519355 /* Resources */ = {
			isa = PBXResourcesBuildPhase;
			buildActionMask = 2147483647;
			files = (
				72E014FB288A199C00F98319 /* Movies.json in Resources */,
			);
			runOnlyForDeploymentPostprocessing = 0;
		};
/* End PBXResourcesBuildPhase section */

/* Begin PBXSourcesBuildPhase section */
		728557952889EDF700519355 /* Sources */ = {
			isa = PBXSourcesBuildPhase;
			buildActionMask = 2147483647;
			files = (
				728557E22889F32D00519355 /* MovieDetailsViewModel.swift in Sources */,
				72E014F8288A110700F98319 /* NoContent.swift in Sources */,
				72E01505288A1EC900F98319 /* MovieCell.swift in Sources */,
				72855803288A0E8500519355 /* APIService.swift in Sources */,
				728557FB288A0BBD00519355 /* APIEndpoint.swift in Sources */,
				728557A12889EDF700519355 /* TrendingMoviesViewController.swift in Sources */,
				728557F1288A03D300519355 /* Posters.swift in Sources */,
				72E014F6288A105600F98319 /* APIClient.swift in Sources */,
				728557F9288A0B5C00519355 /* APIError.swift in Sources */,
				728557ED288A018800519355 /* Movie.swift in Sources */,
				728557EA2889FBA100519355 /* BaseModel.swift in Sources */,
				728557FD288A0D9400519355 /* TypeAliases.swift in Sources */,
				728557F3288A046500519355 /* Poster.swift in Sources */,
				72E01508288A1EDE00F98319 /* MovieCellViewModel.swift in Sources */,
				72855800288A0DDB00519355 /* Environment.swift in Sources */,
				728557DC2889F20D00519355 /* BaseViewModel.swift in Sources */,
				728557DA2889F1EC00519355 /* BaseViewController.swift in Sources */,
				728557EF288A02E900519355 /* TrendingMovies.swift in Sources */,
				728557E02889F31400519355 /* MovieDetailsViewController.swift in Sources */,
				7285579D2889EDF700519355 /* AppDelegate.swift in Sources */,
				728557E52889F47600519355 /* AppCoordinator.swift in Sources */,
				72E0150B288A234A00F98319 /* UINib+Extension.swift in Sources */,
				728557F7288A0B4300519355 /* HTTPMethod.swift in Sources */,
				728557DE2889F26D00519355 /* TrendingMoviesViewModel.swift in Sources */,
				728557E82889F55700519355 /* Storyboardable.swift in Sources */,
				7285579F2889EDF700519355 /* SceneDelegate.swift in Sources */,
			);
			runOnlyForDeploymentPostprocessing = 0;
		};
		728557AB2889EDFA00519355 /* Sources */ = {
			isa = PBXSourcesBuildPhase;
			buildActionMask = 2147483647;
			files = (
				72E01501288A1B2300F98319 /* XCTestCase+Extension.swift in Sources */,
				728557B42889EDFA00519355 /* YassirTestTests.swift in Sources */,
				72E014FE288A1A0600F98319 /* APIClientTests.swift in Sources */,
			);
			runOnlyForDeploymentPostprocessing = 0;
		};
/* End PBXSourcesBuildPhase section */

/* Begin PBXTargetDependency section */
		728557B12889EDFA00519355 /* PBXTargetDependency */ = {
			isa = PBXTargetDependency;
			target = 728557982889EDF700519355 /* YassirTest */;
			targetProxy = 728557B02889EDFA00519355 /* PBXContainerItemProxy */;
		};
/* End PBXTargetDependency section */

/* Begin PBXVariantGroup section */
		728557A22889EDF700519355 /* Main.storyboard */ = {
			isa = PBXVariantGroup;
			children = (
				728557A32889EDF700519355 /* Base */,
			);
			name = Main.storyboard;
			sourceTree = "<group>";
		};
		728557A72889EDFA00519355 /* LaunchScreen.storyboard */ = {
			isa = PBXVariantGroup;
			children = (
				728557A82889EDFA00519355 /* Base */,
			);
			name = LaunchScreen.storyboard;
			sourceTree = "<group>";
		};
/* End PBXVariantGroup section */

/* Begin XCBuildConfiguration section */
		728557C12889EDFA00519355 /* Debug */ = {
			isa = XCBuildConfiguration;
			buildSettings = {
				ALWAYS_SEARCH_USER_PATHS = NO;
				CLANG_ANALYZER_NONNULL = YES;
				CLANG_ANALYZER_NUMBER_OBJECT_CONVERSION = YES_AGGRESSIVE;
				CLANG_CXX_LANGUAGE_STANDARD = "gnu++17";
				CLANG_ENABLE_MODULES = YES;
				CLANG_ENABLE_OBJC_ARC = YES;
				CLANG_ENABLE_OBJC_WEAK = YES;
				CLANG_WARN_BLOCK_CAPTURE_AUTORELEASING = YES;
				CLANG_WARN_BOOL_CONVERSION = YES;
				CLANG_WARN_COMMA = YES;
				CLANG_WARN_CONSTANT_CONVERSION = YES;
				CLANG_WARN_DEPRECATED_OBJC_IMPLEMENTATIONS = YES;
				CLANG_WARN_DIRECT_OBJC_ISA_USAGE = YES_ERROR;
				CLANG_WARN_DOCUMENTATION_COMMENTS = YES;
				CLANG_WARN_EMPTY_BODY = YES;
				CLANG_WARN_ENUM_CONVERSION = YES;
				CLANG_WARN_INFINITE_RECURSION = YES;
				CLANG_WARN_INT_CONVERSION = YES;
				CLANG_WARN_NON_LITERAL_NULL_CONVERSION = YES;
				CLANG_WARN_OBJC_IMPLICIT_RETAIN_SELF = YES;
				CLANG_WARN_OBJC_LITERAL_CONVERSION = YES;
				CLANG_WARN_OBJC_ROOT_CLASS = YES_ERROR;
				CLANG_WARN_QUOTED_INCLUDE_IN_FRAMEWORK_HEADER = YES;
				CLANG_WARN_RANGE_LOOP_ANALYSIS = YES;
				CLANG_WARN_STRICT_PROTOTYPES = YES;
				CLANG_WARN_SUSPICIOUS_MOVE = YES;
				CLANG_WARN_UNGUARDED_AVAILABILITY = YES_AGGRESSIVE;
				CLANG_WARN_UNREACHABLE_CODE = YES;
				CLANG_WARN__DUPLICATE_METHOD_MATCH = YES;
				COPY_PHASE_STRIP = NO;
				DEBUG_INFORMATION_FORMAT = dwarf;
				ENABLE_STRICT_OBJC_MSGSEND = YES;
				ENABLE_TESTABILITY = YES;
				GCC_C_LANGUAGE_STANDARD = gnu11;
				GCC_DYNAMIC_NO_PIC = NO;
				GCC_NO_COMMON_BLOCKS = YES;
				GCC_OPTIMIZATION_LEVEL = 0;
				GCC_PREPROCESSOR_DEFINITIONS = (
					"DEBUG=1",
					"$(inherited)",
				);
				GCC_WARN_64_TO_32_BIT_CONVERSION = YES;
				GCC_WARN_ABOUT_RETURN_TYPE = YES_ERROR;
				GCC_WARN_UNDECLARED_SELECTOR = YES;
				GCC_WARN_UNINITIALIZED_AUTOS = YES_AGGRESSIVE;
				GCC_WARN_UNUSED_FUNCTION = YES;
				GCC_WARN_UNUSED_VARIABLE = YES;
				IPHONEOS_DEPLOYMENT_TARGET = 15.5;
				MTL_ENABLE_DEBUG_INFO = INCLUDE_SOURCE;
				MTL_FAST_MATH = YES;
				ONLY_ACTIVE_ARCH = YES;
				SDKROOT = iphoneos;
				SWIFT_ACTIVE_COMPILATION_CONDITIONS = DEBUG;
				SWIFT_OPTIMIZATION_LEVEL = "-Onone";
			};
			name = Debug;
		};
		728557C22889EDFA00519355 /* Release */ = {
			isa = XCBuildConfiguration;
			buildSettings = {
				ALWAYS_SEARCH_USER_PATHS = NO;
				CLANG_ANALYZER_NONNULL = YES;
				CLANG_ANALYZER_NUMBER_OBJECT_CONVERSION = YES_AGGRESSIVE;
				CLANG_CXX_LANGUAGE_STANDARD = "gnu++17";
				CLANG_ENABLE_MODULES = YES;
				CLANG_ENABLE_OBJC_ARC = YES;
				CLANG_ENABLE_OBJC_WEAK = YES;
				CLANG_WARN_BLOCK_CAPTURE_AUTORELEASING = YES;
				CLANG_WARN_BOOL_CONVERSION = YES;
				CLANG_WARN_COMMA = YES;
				CLANG_WARN_CONSTANT_CONVERSION = YES;
				CLANG_WARN_DEPRECATED_OBJC_IMPLEMENTATIONS = YES;
				CLANG_WARN_DIRECT_OBJC_ISA_USAGE = YES_ERROR;
				CLANG_WARN_DOCUMENTATION_COMMENTS = YES;
				CLANG_WARN_EMPTY_BODY = YES;
				CLANG_WARN_ENUM_CONVERSION = YES;
				CLANG_WARN_INFINITE_RECURSION = YES;
				CLANG_WARN_INT_CONVERSION = YES;
				CLANG_WARN_NON_LITERAL_NULL_CONVERSION = YES;
				CLANG_WARN_OBJC_IMPLICIT_RETAIN_SELF = YES;
				CLANG_WARN_OBJC_LITERAL_CONVERSION = YES;
				CLANG_WARN_OBJC_ROOT_CLASS = YES_ERROR;
				CLANG_WARN_QUOTED_INCLUDE_IN_FRAMEWORK_HEADER = YES;
				CLANG_WARN_RANGE_LOOP_ANALYSIS = YES;
				CLANG_WARN_STRICT_PROTOTYPES = YES;
				CLANG_WARN_SUSPICIOUS_MOVE = YES;
				CLANG_WARN_UNGUARDED_AVAILABILITY = YES_AGGRESSIVE;
				CLANG_WARN_UNREACHABLE_CODE = YES;
				CLANG_WARN__DUPLICATE_METHOD_MATCH = YES;
				COPY_PHASE_STRIP = NO;
				DEBUG_INFORMATION_FORMAT = "dwarf-with-dsym";
				ENABLE_NS_ASSERTIONS = NO;
				ENABLE_STRICT_OBJC_MSGSEND = YES;
				GCC_C_LANGUAGE_STANDARD = gnu11;
				GCC_NO_COMMON_BLOCKS = YES;
				GCC_WARN_64_TO_32_BIT_CONVERSION = YES;
				GCC_WARN_ABOUT_RETURN_TYPE = YES_ERROR;
				GCC_WARN_UNDECLARED_SELECTOR = YES;
				GCC_WARN_UNINITIALIZED_AUTOS = YES_AGGRESSIVE;
				GCC_WARN_UNUSED_FUNCTION = YES;
				GCC_WARN_UNUSED_VARIABLE = YES;
				IPHONEOS_DEPLOYMENT_TARGET = 15.5;
				MTL_ENABLE_DEBUG_INFO = NO;
				MTL_FAST_MATH = YES;
				SDKROOT = iphoneos;
				SWIFT_COMPILATION_MODE = wholemodule;
				SWIFT_OPTIMIZATION_LEVEL = "-O";
				VALIDATE_PRODUCT = YES;
			};
			name = Release;
		};
		728557C42889EDFA00519355 /* Debug */ = {
			isa = XCBuildConfiguration;
			buildSettings = {
				ASSETCATALOG_COMPILER_APPICON_NAME = AppIcon;
				ASSETCATALOG_COMPILER_GLOBAL_ACCENT_COLOR_NAME = AccentColor;
				CODE_SIGN_STYLE = Automatic;
				CURRENT_PROJECT_VERSION = 1;
				GENERATE_INFOPLIST_FILE = YES;
				INFOPLIST_FILE = "YassirTest/Supporting Files/Info.plist";
				INFOPLIST_KEY_UIApplicationSupportsIndirectInputEvents = YES;
				INFOPLIST_KEY_UILaunchStoryboardName = LaunchScreen;
				INFOPLIST_KEY_UIMainStoryboardFile = Main;
				INFOPLIST_KEY_UISupportedInterfaceOrientations_iPad = "UIInterfaceOrientationPortrait UIInterfaceOrientationPortraitUpsideDown UIInterfaceOrientationLandscapeLeft UIInterfaceOrientationLandscapeRight";
				INFOPLIST_KEY_UISupportedInterfaceOrientations_iPhone = "UIInterfaceOrientationPortrait UIInterfaceOrientationLandscapeLeft UIInterfaceOrientationLandscapeRight";
				LD_RUNPATH_SEARCH_PATHS = (
					"$(inherited)",
					"@executable_path/Frameworks",
				);
				MARKETING_VERSION = 1.0;
				PRODUCT_BUNDLE_IDENTIFIER = com.salouf.YassirTest;
				PRODUCT_NAME = "$(TARGET_NAME)";
				SWIFT_EMIT_LOC_STRINGS = YES;
				SWIFT_VERSION = 5.0;
				TARGETED_DEVICE_FAMILY = "1,2";
			};
			name = Debug;
		};
		728557C52889EDFA00519355 /* Release */ = {
			isa = XCBuildConfiguration;
			buildSettings = {
				ASSETCATALOG_COMPILER_APPICON_NAME = AppIcon;
				ASSETCATALOG_COMPILER_GLOBAL_ACCENT_COLOR_NAME = AccentColor;
				CODE_SIGN_STYLE = Automatic;
				CURRENT_PROJECT_VERSION = 1;
				GENERATE_INFOPLIST_FILE = YES;
				INFOPLIST_FILE = "YassirTest/Supporting Files/Info.plist";
				INFOPLIST_KEY_UIApplicationSupportsIndirectInputEvents = YES;
				INFOPLIST_KEY_UILaunchStoryboardName = LaunchScreen;
				INFOPLIST_KEY_UIMainStoryboardFile = Main;
				INFOPLIST_KEY_UISupportedInterfaceOrientations_iPad = "UIInterfaceOrientationPortrait UIInterfaceOrientationPortraitUpsideDown UIInterfaceOrientationLandscapeLeft UIInterfaceOrientationLandscapeRight";
				INFOPLIST_KEY_UISupportedInterfaceOrientations_iPhone = "UIInterfaceOrientationPortrait UIInterfaceOrientationLandscapeLeft UIInterfaceOrientationLandscapeRight";
				LD_RUNPATH_SEARCH_PATHS = (
					"$(inherited)",
					"@executable_path/Frameworks",
				);
				MARKETING_VERSION = 1.0;
				PRODUCT_BUNDLE_IDENTIFIER = com.salouf.YassirTest;
				PRODUCT_NAME = "$(TARGET_NAME)";
				SWIFT_EMIT_LOC_STRINGS = YES;
				SWIFT_VERSION = 5.0;
				TARGETED_DEVICE_FAMILY = "1,2";
			};
			name = Release;
		};
		728557C72889EDFA00519355 /* Debug */ = {
			isa = XCBuildConfiguration;
			buildSettings = {
				ALWAYS_EMBED_SWIFT_STANDARD_LIBRARIES = YES;
				BUNDLE_LOADER = "$(TEST_HOST)";
				CODE_SIGN_STYLE = Automatic;
				CURRENT_PROJECT_VERSION = 1;
				GENERATE_INFOPLIST_FILE = YES;
				IPHONEOS_DEPLOYMENT_TARGET = 15.5;
				MARKETING_VERSION = 1.0;
				PRODUCT_BUNDLE_IDENTIFIER = com.salouf.YassirTestTests;
				PRODUCT_NAME = "$(TARGET_NAME)";
				SWIFT_EMIT_LOC_STRINGS = NO;
				SWIFT_VERSION = 5.0;
				TARGETED_DEVICE_FAMILY = "1,2";
				TEST_HOST = "$(BUILT_PRODUCTS_DIR)/YassirTest.app/YassirTest";
			};
			name = Debug;
		};
		728557C82889EDFA00519355 /* Release */ = {
			isa = XCBuildConfiguration;
			buildSettings = {
				ALWAYS_EMBED_SWIFT_STANDARD_LIBRARIES = YES;
				BUNDLE_LOADER = "$(TEST_HOST)";
				CODE_SIGN_STYLE = Automatic;
				CURRENT_PROJECT_VERSION = 1;
				GENERATE_INFOPLIST_FILE = YES;
				IPHONEOS_DEPLOYMENT_TARGET = 15.5;
				MARKETING_VERSION = 1.0;
				PRODUCT_BUNDLE_IDENTIFIER = com.salouf.YassirTestTests;
				PRODUCT_NAME = "$(TARGET_NAME)";
				SWIFT_EMIT_LOC_STRINGS = NO;
				SWIFT_VERSION = 5.0;
				TARGETED_DEVICE_FAMILY = "1,2";
				TEST_HOST = "$(BUILT_PRODUCTS_DIR)/YassirTest.app/YassirTest";
			};
			name = Release;
		};
/* End XCBuildConfiguration section */

/* Begin XCConfigurationList section */
		728557942889EDF700519355 /* Build configuration list for PBXProject "YassirTest" */ = {
			isa = XCConfigurationList;
			buildConfigurations = (
				728557C12889EDFA00519355 /* Debug */,
				728557C22889EDFA00519355 /* Release */,
			);
			defaultConfigurationIsVisible = 0;
			defaultConfigurationName = Release;
		};
		728557C32889EDFA00519355 /* Build configuration list for PBXNativeTarget "YassirTest" */ = {
			isa = XCConfigurationList;
			buildConfigurations = (
				728557C42889EDFA00519355 /* Debug */,
				728557C52889EDFA00519355 /* Release */,
			);
			defaultConfigurationIsVisible = 0;
			defaultConfigurationName = Release;
		};
		728557C62889EDFA00519355 /* Build configuration list for PBXNativeTarget "YassirTestTests" */ = {
			isa = XCConfigurationList;
			buildConfigurations = (
				728557C72889EDFA00519355 /* Debug */,
				728557C82889EDFA00519355 /* Release */,
			);
			defaultConfigurationIsVisible = 0;
			defaultConfigurationName = Release;
		};
/* End XCConfigurationList section */
	};
	rootObject = 728557912889EDF700519355 /* Project object */;
}
